
Microsoft Visual Studio Solution File, Format Version 12.00
Project("{FAE04EC0-301F-11D3-BF4B-00C04F79EFBC}") = "NetPratices", "NetPratices\NetPratices.csproj", "{177ACDF9-3841-4151-8C0D-8F992A1F83C7}"
EndProject
Project("{FAE04EC0-301F-11D3-BF4B-00C04F79EFBC}") = "FirstSteps", "FirstSteps\FirstSteps.csproj", "{FF654B17-B268-4CD4-B223-08ECCF9B3C4B}"
EndProject
Global
	GlobalSection(SolutionConfigurationPlatforms) = preSolution
		Debug|Any CPU = Debug|Any CPU
		Release|Any CPU = Release|Any CPU
	EndGlobalSection
	GlobalSection(ProjectConfigurationPlatforms) = postSolution
		{177ACDF9-3841-4151-8C0D-8F992A1F83C7}.Debug|Any CPU.ActiveCfg = Debug|Any CPU
		{177ACDF9-3841-4151-8C0D-8F992A1F83C7}.Debug|Any CPU.Build.0 = Debug|Any CPU
		{177ACDF9-3841-4151-8C0D-8F992A1F83C7}.Release|Any CPU.ActiveCfg = Release|Any CPU
		{177ACDF9-3841-4151-8C0D-8F992A1F83C7}.Release|Any CPU.Build.0 = Release|Any CPU
		{FF654B17-B268-4CD4-B223-08ECCF9B3C4B}.Debug|Any CPU.ActiveCfg = Debug|Any CPU
		{FF654B17-B268-4CD4-B223-08ECCF9B3C4B}.Debug|Any CPU.Build.0 = Debug|Any CPU
		{FF654B17-B268-4CD4-B223-08ECCF9B3C4B}.Release|Any CPU.ActiveCfg = Release|Any CPU
		{FF654B17-B268-4CD4-B223-08ECCF9B3C4B}.Release|Any CPU.Build.0 = Release|Any CPU
	EndGlobalSection
EndGlobal
